schema: '2.0'
stages:
  split_data:
    cmd: python utils/datasplit.py
    deps:
    - path: catvdog/raw
      hash: md5
      md5: 0099ac4064f95fa0e0bd49f9bc4de48f.dir
      size: 14077126
      nfiles: 842
    - path: utils/datasplit.py
      hash: md5
      md5: bd272f52fce768d70d6751ba3a1016d4
      size: 2360
    outs:
    - path: catvdog/test
      hash: md5
      md5: cf74e6af3cadfba52f31cc59944eef37.dir
      size: 32803
      nfiles: 2
    - path: catvdog/train
      hash: md5
      md5: 98f4ee0864ab0ffe4fd10db884008d62.dir
      size: 8308593
      nfiles: 495
    - path: catvdog/val
      hash: md5
      md5: 5598b855427f905d655e7e50f2f68b3a.dir
      size: 5326239
      nfiles: 329
  train_yolo:
    cmd: python train.py
    deps:
    - path: catvdog.yaml
      hash: md5
      md5: c17c981c2dc4e44d8a2b364e7b06403a
      size: 147
    - path: catvdog/train
      hash: md5
      md5: 98f4ee0864ab0ffe4fd10db884008d62.dir
      size: 8308593
      nfiles: 495
    - path: catvdog/val
      hash: md5
      md5: 5598b855427f905d655e7e50f2f68b3a.dir
      size: 5326239
      nfiles: 329
    - path: train.py
      hash: md5
      md5: 02cc2e8c3d6711a6fc36ea5a2b965278
      size: 1748
    outs:
    - path: runs/detect/train/BoxF1_curve.png
      hash: md5
      md5: ebf1a1df608e4694812ea52cafdddc6a
      size: 145897
    - path: runs/detect/train/BoxPR_curve.png
      hash: md5
      md5: 39cdeea691094013bae15522cde55f22
      size: 96319
    - path: runs/detect/train/BoxP_curve.png
      hash: md5
      md5: 95186db5cfe3261f67dc39117d5636ed
      size: 138459
    - path: runs/detect/train/confusion_matrix.png
      hash: md5
      md5: 2d7740b75762d9da904ce499b8de39e4
      size: 93457
    - path: runs/detect/train/results.csv
      hash: md5
      md5: d82789679a98d209775d64a427f5b62c
      size: 2661
    - path: runs/detect/train/results.png
      hash: md5
      md5: 7d444b00a1efac27a926a429cb3ce515
      size: 287132
    - path: runs/detect/train/weights/best.pt
      hash: md5
      md5: d5edef5c9d522bab4be7a1fd8526859e
      size: 51177426
