schema: '2.0'
stages:
  split_data:
    cmd: python datasplit.py
    deps:
    - path: catvdog/raw
      hash: md5
      md5: 0099ac4064f95fa0e0bd49f9bc4de48f.dir
      size: 14077126
      nfiles: 842
    - path: datasplit.py
      hash: md5
      md5: bd272f52fce768d70d6751ba3a1016d4
      size: 2360
    outs:
    - path: catvdog/test
      hash: md5
      md5: cf74e6af3cadfba52f31cc59944eef37.dir
      size: 32803
      nfiles: 2
    - path: catvdog/train
      hash: md5
      md5: 98f4ee0864ab0ffe4fd10db884008d62.dir
      size: 8308593
      nfiles: 495
    - path: catvdog/val
      hash: md5
      md5: 5598b855427f905d655e7e50f2f68b3a.dir
      size: 5326239
      nfiles: 329
  train_yolo:
    cmd: python train.py
    deps:
    - path: catvdog.yaml
      hash: md5
      md5: c17c981c2dc4e44d8a2b364e7b06403a
      size: 147
    - path: catvdog/train
      hash: md5
      md5: 98f4ee0864ab0ffe4fd10db884008d62.dir
      size: 8308593
      nfiles: 495
    - path: catvdog/val
      hash: md5
      md5: 5598b855427f905d655e7e50f2f68b3a.dir
      size: 5326239
      nfiles: 329
    - path: train.py
      hash: md5
      md5: 02cc2e8c3d6711a6fc36ea5a2b965278
      size: 1748
    outs:
    - path: runs/detect/train/BoxF1_curve.png
      hash: md5
      md5: 0229de98586600af3375218a79c26f43
      size: 130654
    - path: runs/detect/train/BoxPR_curve.png
      hash: md5
      md5: bad09236c6f9364c7153a8f764bff856
      size: 99162
    - path: runs/detect/train/BoxP_curve.png
      hash: md5
      md5: eac88fca39049d1761f272a4622f32dd
      size: 115046
    - path: runs/detect/train/confusion_matrix.png
      hash: md5
      md5: 32f82b1b6c79905a41849834fcedfcb1
      size: 98041
    - path: runs/detect/train/results.csv
      hash: md5
      md5: 4abf724da3cd24b7297cb9ac55881b70
      size: 6389
    - path: runs/detect/train/results.png
      hash: md5
      md5: 0503c4b158de73be3bcf251120653a79
      size: 317582
    - path: runs/detect/train/weights/best.pt
      hash: md5
      md5: d5edef5c9d522bab4be7a1fd8526859e
      size: 51177426
